
Microsoft Visual Studio Solution File, Format Version 12.00
# Visual Studio Version 17
VisualStudioVersion = 17.1.32228.430
MinimumVisualStudioVersion = 10.0.40219.1
Project("{FAE04EC0-301F-11D3-BF4B-00C04F79EFBC}") = "testen", "testen\testen.csproj", "{E34971C5-59D9-425C-8EA7-F62D3A28E665}"
EndProject
Global
	GlobalSection(SolutionConfigurationPlatforms) = preSolution
		Debug|Any CPU = Debug|Any CPU
		Release|Any CPU = Release|Any CPU
	EndGlobalSection
	GlobalSection(ProjectConfigurationPlatforms) = postSolution
		{E34971C5-59D9-425C-8EA7-F62D3A28E665}.Debug|Any CPU.ActiveCfg = Debug|Any CPU
		{E34971C5-59D9-425C-8EA7-F62D3A28E665}.Debug|Any CPU.Build.0 = Debug|Any CPU
		{E34971C5-59D9-425C-8EA7-F62D3A28E665}.Release|Any CPU.ActiveCfg = Release|Any CPU
		{E34971C5-59D9-425C-8EA7-F62D3A28E665}.Release|Any CPU.Build.0 = Release|Any CPU
	EndGlobalSection
	GlobalSection(SolutionProperties) = preSolution
		HideSolutionNode = FALSE
	EndGlobalSection
	GlobalSection(ExtensibilityGlobals) = postSolution
		SolutionGuid = {291700D1-BC0F-4EE2-82F0-9F1061BC6CC0}
	EndGlobalSection
EndGlobal
